
Microsoft Visual Studio Solution File, Format Version 12.00
# Visual Studio Version 16
VisualStudioVersion = 16.0.33423.256
MinimumVisualStudioVersion = 10.0.40219.1
Project("{8BC9CEB8-8B4A-11D0-8D11-00A0C91BC942}") = "HTMLDecoder", "HTMLDecoder\HTMLDecoder.vcxproj", "{BD9BF892-531E-4C87-BE2E-D1BD153757CB}"
EndProject
Project("{8BC9CEB8-8B4A-11D0-8D11-00A0C91BC942}") = "HTMLDecodeTest", "HTMLDecodeTest\HTMLDecodeTest.vcxproj", "{FBFCF475-D6D9-4488-AD49-17B24C267D47}"
EndProject
Global
	GlobalSection(SolutionConfigurationPlatforms) = preSolution
		Debug|x64 = Debug|x64
		Debug|x86 = Debug|x86
		Release|x64 = Release|x64
		Release|x86 = Release|x86
	EndGlobalSection
	GlobalSection(ProjectConfigurationPlatforms) = postSolution
		{BD9BF892-531E-4C87-BE2E-D1BD153757CB}.Debug|x64.ActiveCfg = Debug|x64
		{BD9BF892-531E-4C87-BE2E-D1BD153757CB}.Debug|x64.Build.0 = Debug|x64
		{BD9BF892-531E-4C87-BE2E-D1BD153757CB}.Debug|x86.ActiveCfg = Debug|Win32
		{BD9BF892-531E-4C87-BE2E-D1BD153757CB}.Debug|x86.Build.0 = Debug|Win32
		{BD9BF892-531E-4C87-BE2E-D1BD153757CB}.Release|x64.ActiveCfg = Release|x64
		{BD9BF892-531E-4C87-BE2E-D1BD153757CB}.Release|x64.Build.0 = Release|x64
		{BD9BF892-531E-4C87-BE2E-D1BD153757CB}.Release|x86.ActiveCfg = Release|Win32
		{BD9BF892-531E-4C87-BE2E-D1BD153757CB}.Release|x86.Build.0 = Release|Win32
		{FBFCF475-D6D9-4488-AD49-17B24C267D47}.Debug|x64.ActiveCfg = Debug|x64
		{FBFCF475-D6D9-4488-AD49-17B24C267D47}.Debug|x64.Build.0 = Debug|x64
		{FBFCF475-D6D9-4488-AD49-17B24C267D47}.Debug|x86.ActiveCfg = Debug|Win32
		{FBFCF475-D6D9-4488-AD49-17B24C267D47}.Debug|x86.Build.0 = Debug|Win32
		{FBFCF475-D6D9-4488-AD49-17B24C267D47}.Release|x64.ActiveCfg = Release|x64
		{FBFCF475-D6D9-4488-AD49-17B24C267D47}.Release|x64.Build.0 = Release|x64
		{FBFCF475-D6D9-4488-AD49-17B24C267D47}.Release|x86.ActiveCfg = Release|Win32
		{FBFCF475-D6D9-4488-AD49-17B24C267D47}.Release|x86.Build.0 = Release|Win32
	EndGlobalSection
	GlobalSection(SolutionProperties) = preSolution
		HideSolutionNode = FALSE
	EndGlobalSection
	GlobalSection(ExtensibilityGlobals) = postSolution
		SolutionGuid = {67355260-5CFF-4E13-B688-10A13B58472B}
	EndGlobalSection
EndGlobal
