
Microsoft Visual Studio Solution File, Format Version 12.00
# Visual Studio Version 16
VisualStudioVersion = 16.0.33423.256
MinimumVisualStudioVersion = 10.0.40219.1
Project("{8BC9CEB8-8B4A-11D0-8D11-00A0C91BC942}") = "Replace", "Replace\Replace.vcxproj", "{04DE5413-B9D6-4EA3-B77A-3F9B8967E77F}"
EndProject
Global
	GlobalSection(SolutionConfigurationPlatforms) = preSolution
		Debug|x64 = Debug|x64
		Debug|x86 = Debug|x86
		Release|x64 = Release|x64
		Release|x86 = Release|x86
	EndGlobalSection
	GlobalSection(ProjectConfigurationPlatforms) = postSolution
		{04DE5413-B9D6-4EA3-B77A-3F9B8967E77F}.Debug|x64.ActiveCfg = Debug|x64
		{04DE5413-B9D6-4EA3-B77A-3F9B8967E77F}.Debug|x64.Build.0 = Debug|x64
		{04DE5413-B9D6-4EA3-B77A-3F9B8967E77F}.Debug|x86.ActiveCfg = Debug|Win32
		{04DE5413-B9D6-4EA3-B77A-3F9B8967E77F}.Debug|x86.Build.0 = Debug|Win32
		{04DE5413-B9D6-4EA3-B77A-3F9B8967E77F}.Release|x64.ActiveCfg = Release|x64
		{04DE5413-B9D6-4EA3-B77A-3F9B8967E77F}.Release|x64.Build.0 = Release|x64
		{04DE5413-B9D6-4EA3-B77A-3F9B8967E77F}.Release|x86.ActiveCfg = Release|Win32
		{04DE5413-B9D6-4EA3-B77A-3F9B8967E77F}.Release|x86.Build.0 = Release|Win32
	EndGlobalSection
	GlobalSection(SolutionProperties) = preSolution
		HideSolutionNode = FALSE
	EndGlobalSection
	GlobalSection(ExtensibilityGlobals) = postSolution
		SolutionGuid = {8C6DE111-3E77-472D-A01A-FDE8F0D88CE8}
	EndGlobalSection
EndGlobal
