
Microsoft Visual Studio Solution File, Format Version 12.00
# Visual Studio Version 16
VisualStudioVersion = 16.0.33423.256
MinimumVisualStudioVersion = 10.0.40219.1
Project("{8BC9CEB8-8B4A-11D0-8D11-00A0C91BC942}") = "PrimeNumbers", "PrimeNumbers\PrimeNumbers.vcxproj", "{76984BEB-9A90-4C80-BB01-035B5F95249B}"
EndProject
Project("{8BC9CEB8-8B4A-11D0-8D11-00A0C91BC942}") = "GeneratePrimeNumbersTest", "GeneratePrimeNumbersTest\GeneratePrimeNumbersTest.vcxproj", "{F3CE2350-F0F3-4A06-887C-93CD10DD6D5F}"
EndProject
Global
	GlobalSection(SolutionConfigurationPlatforms) = preSolution
		Debug|x64 = Debug|x64
		Debug|x86 = Debug|x86
		Release|x64 = Release|x64
		Release|x86 = Release|x86
	EndGlobalSection
	GlobalSection(ProjectConfigurationPlatforms) = postSolution
		{76984BEB-9A90-4C80-BB01-035B5F95249B}.Debug|x64.ActiveCfg = Debug|x64
		{76984BEB-9A90-4C80-BB01-035B5F95249B}.Debug|x64.Build.0 = Debug|x64
		{76984BEB-9A90-4C80-BB01-035B5F95249B}.Debug|x86.ActiveCfg = Debug|Win32
		{76984BEB-9A90-4C80-BB01-035B5F95249B}.Debug|x86.Build.0 = Debug|Win32
		{76984BEB-9A90-4C80-BB01-035B5F95249B}.Release|x64.ActiveCfg = Release|x64
		{76984BEB-9A90-4C80-BB01-035B5F95249B}.Release|x64.Build.0 = Release|x64
		{76984BEB-9A90-4C80-BB01-035B5F95249B}.Release|x86.ActiveCfg = Release|Win32
		{76984BEB-9A90-4C80-BB01-035B5F95249B}.Release|x86.Build.0 = Release|Win32
		{F3CE2350-F0F3-4A06-887C-93CD10DD6D5F}.Debug|x64.ActiveCfg = Debug|x64
		{F3CE2350-F0F3-4A06-887C-93CD10DD6D5F}.Debug|x64.Build.0 = Debug|x64
		{F3CE2350-F0F3-4A06-887C-93CD10DD6D5F}.Debug|x86.ActiveCfg = Debug|Win32
		{F3CE2350-F0F3-4A06-887C-93CD10DD6D5F}.Debug|x86.Build.0 = Debug|Win32
		{F3CE2350-F0F3-4A06-887C-93CD10DD6D5F}.Release|x64.ActiveCfg = Release|x64
		{F3CE2350-F0F3-4A06-887C-93CD10DD6D5F}.Release|x64.Build.0 = Release|x64
		{F3CE2350-F0F3-4A06-887C-93CD10DD6D5F}.Release|x86.ActiveCfg = Release|Win32
		{F3CE2350-F0F3-4A06-887C-93CD10DD6D5F}.Release|x86.Build.0 = Release|Win32
	EndGlobalSection
	GlobalSection(SolutionProperties) = preSolution
		HideSolutionNode = FALSE
	EndGlobalSection
	GlobalSection(ExtensibilityGlobals) = postSolution
		SolutionGuid = {551F99BF-8AF5-4BCF-A6E8-D3C40DD2B722}
	EndGlobalSection
EndGlobal
